
Microsoft Visual Studio Solution File, Format Version 12.00
# Visual Studio Version 16
VisualStudioVersion = 16.0.34031.81
MinimumVisualStudioVersion = 10.0.40219.1
Project("{FAE04EC0-301F-11D3-BF4B-00C04F79EFBC}") = "Standalone", "Standalone.csproj", "{89BA8BBA-46F3-4184-810B-C8CB410A8575}"
EndProject
Global
	GlobalSection(SolutionConfigurationPlatforms) = preSolution
		Debug|Any CPU = Debug|Any CPU
		Release|Any CPU = Release|Any CPU
	EndGlobalSection
	GlobalSection(ProjectConfigurationPlatforms) = postSolution
		{89BA8BBA-46F3-4184-810B-C8CB410A8575}.Debug|Any CPU.ActiveCfg = Debug|Any CPU
		{89BA8BBA-46F3-4184-810B-C8CB410A8575}.Debug|Any CPU.Build.0 = Debug|Any CPU
		{89BA8BBA-46F3-4184-810B-C8CB410A8575}.Release|Any CPU.ActiveCfg = Release|Any CPU
		{89BA8BBA-46F3-4184-810B-C8CB410A8575}.Release|Any CPU.Build.0 = Release|Any CPU
	EndGlobalSection
	GlobalSection(SolutionProperties) = preSolution
		HideSolutionNode = FALSE
	EndGlobalSection
	GlobalSection(ExtensibilityGlobals) = postSolution
		SolutionGuid = {E8777A3A-40B0-4956-872E-647CC681F715}
	EndGlobalSection
EndGlobal
